
Microsoft Visual Studio Solution File, Format Version 12.00
# Visual Studio 15
VisualStudioVersion = 15.0.28307.645
MinimumVisualStudioVersion = 10.0.40219.1
Project("{FAE04EC0-301F-11D3-BF4B-00C04F79EFBC}") = "AppConso.HelloWorld", "AppConso.HelloWorld\AppConso.HelloWorld.csproj", "{33014FD2-DB6A-4DE7-8DDA-0FD9AE8BCAAD}"
EndProject
Global
	GlobalSection(SolutionConfigurationPlatforms) = preSolution
		Debug|Any CPU = Debug|Any CPU
		Release|Any CPU = Release|Any CPU
	EndGlobalSection
	GlobalSection(ProjectConfigurationPlatforms) = postSolution
		{33014FD2-DB6A-4DE7-8DDA-0FD9AE8BCAAD}.Debug|Any CPU.ActiveCfg = Debug|Any CPU
		{33014FD2-DB6A-4DE7-8DDA-0FD9AE8BCAAD}.Debug|Any CPU.Build.0 = Debug|Any CPU
		{33014FD2-DB6A-4DE7-8DDA-0FD9AE8BCAAD}.Release|Any CPU.ActiveCfg = Release|Any CPU
		{33014FD2-DB6A-4DE7-8DDA-0FD9AE8BCAAD}.Release|Any CPU.Build.0 = Release|Any CPU
	EndGlobalSection
	GlobalSection(SolutionProperties) = preSolution
		HideSolutionNode = FALSE
	EndGlobalSection
	GlobalSection(ExtensibilityGlobals) = postSolution
		SolutionGuid = {51188A72-3E8C-4DB3-A44C-6A4185C3EED9}
	EndGlobalSection
EndGlobal
